
Microsoft Visual Studio Solution File, Format Version 11.00
# Visual Studio 2010
Project("{FAE04EC0-301F-11D3-BF4B-00C04F79EFBC}") = "Assembly-CSharp", "Assembly-CSharp.csproj", "{465ED961-7858-0F72-2E28-74B5F89FC591}"
EndProject
Project("{FAE04EC0-301F-11D3-BF4B-00C04F79EFBC}") = "Assembly-CSharp-Editor", "Assembly-CSharp-Editor.csproj", "{E872BE0C-3B56-A5AD-D295-7C517DDF9231}"
EndProject
Global
	GlobalSection(SolutionConfigurationPlatforms) = preSolution
		Debug|Any CPU = Debug|Any CPU
		Release|Any CPU = Release|Any CPU
	EndGlobalSection
	GlobalSection(ProjectConfigurationPlatforms) = postSolution
		{465ED961-7858-0F72-2E28-74B5F89FC591}.Debug|Any CPU.ActiveCfg = Debug|Any CPU
		{465ED961-7858-0F72-2E28-74B5F89FC591}.Debug|Any CPU.Build.0 = Debug|Any CPU
		{465ED961-7858-0F72-2E28-74B5F89FC591}.Release|Any CPU.ActiveCfg = Release|Any CPU
		{465ED961-7858-0F72-2E28-74B5F89FC591}.Release|Any CPU.Build.0 = Release|Any CPU
		{E872BE0C-3B56-A5AD-D295-7C517DDF9231}.Debug|Any CPU.ActiveCfg = Debug|Any CPU
		{E872BE0C-3B56-A5AD-D295-7C517DDF9231}.Debug|Any CPU.Build.0 = Debug|Any CPU
		{E872BE0C-3B56-A5AD-D295-7C517DDF9231}.Release|Any CPU.ActiveCfg = Release|Any CPU
		{E872BE0C-3B56-A5AD-D295-7C517DDF9231}.Release|Any CPU.Build.0 = Release|Any CPU
	EndGlobalSection
	GlobalSection(SolutionProperties) = preSolution
		HideSolutionNode = FALSE
	EndGlobalSection
EndGlobal
